
Microsoft Visual Studio Solution File, Format Version 12.00
# Visual Studio Version 16
VisualStudioVersion = 16.0.32126.315
MinimumVisualStudioVersion = 10.0.40219.1
Project("{FAE04EC0-301F-11D3-BF4B-00C04F79EFBC}") = "NewEmployeeTask", "NewEmployeeTask\NewEmployeeTask.csproj", "{9F8D4462-586E-4F91-B8F0-76149A057FE7}"
EndProject
Project("{FAE04EC0-301F-11D3-BF4B-00C04F79EFBC}") = "Models", "Models\Models.csproj", "{33623ABA-59D5-4BA8-A706-1D4A2B9920A3}"
EndProject
Global
	GlobalSection(SolutionConfigurationPlatforms) = preSolution
		Debug|Any CPU = Debug|Any CPU
		Release|Any CPU = Release|Any CPU
	EndGlobalSection
	GlobalSection(ProjectConfigurationPlatforms) = postSolution
		{9F8D4462-586E-4F91-B8F0-76149A057FE7}.Debug|Any CPU.ActiveCfg = Debug|Any CPU
		{9F8D4462-586E-4F91-B8F0-76149A057FE7}.Debug|Any CPU.Build.0 = Debug|Any CPU
		{9F8D4462-586E-4F91-B8F0-76149A057FE7}.Release|Any CPU.ActiveCfg = Release|Any CPU
		{9F8D4462-586E-4F91-B8F0-76149A057FE7}.Release|Any CPU.Build.0 = Release|Any CPU
		{33623ABA-59D5-4BA8-A706-1D4A2B9920A3}.Debug|Any CPU.ActiveCfg = Debug|Any CPU
		{33623ABA-59D5-4BA8-A706-1D4A2B9920A3}.Debug|Any CPU.Build.0 = Debug|Any CPU
		{33623ABA-59D5-4BA8-A706-1D4A2B9920A3}.Release|Any CPU.ActiveCfg = Release|Any CPU
		{33623ABA-59D5-4BA8-A706-1D4A2B9920A3}.Release|Any CPU.Build.0 = Release|Any CPU
	EndGlobalSection
	GlobalSection(SolutionProperties) = preSolution
		HideSolutionNode = FALSE
	EndGlobalSection
	GlobalSection(ExtensibilityGlobals) = postSolution
		SolutionGuid = {A879C678-A5B8-47A4-A0E4-F37DD15C4399}
	EndGlobalSection
EndGlobal
